
Microsoft Visual Studio Solution File, Format Version 12.00
# Visual Studio Version 17
VisualStudioVersion = 17.4.33205.214
MinimumVisualStudioVersion = 10.0.40219.1
Project("{9A19103F-16F7-4668-BE54-9A1E7A4F7556}") = "EmployeeAPI", "EmployeeAPI\EmployeeAPI.csproj", "{A44C230D-841A-4A5F-992D-50649BCFDD62}"
EndProject
Project("{9A19103F-16F7-4668-BE54-9A1E7A4F7556}") = "EmployeeManagement.Data", "EmployeeManagement.Data\EmployeeManagement.Data.csproj", "{88A00EF9-9DC7-481F-A5F4-F896F3D989F4}"
EndProject
Project("{9A19103F-16F7-4668-BE54-9A1E7A4F7556}") = "EmployeeManagement.Domain", "EmployeeManagement.Domain\EmployeeManagement.Domain.csproj", "{D3FE4A7A-7675-4C88-9EED-AF6156F14A8D}"
EndProject
Global
	GlobalSection(SolutionConfigurationPlatforms) = preSolution
		Debug|Any CPU = Debug|Any CPU
		Release|Any CPU = Release|Any CPU
	EndGlobalSection
	GlobalSection(ProjectConfigurationPlatforms) = postSolution
		{A44C230D-841A-4A5F-992D-50649BCFDD62}.Debug|Any CPU.ActiveCfg = Debug|Any CPU
		{A44C230D-841A-4A5F-992D-50649BCFDD62}.Debug|Any CPU.Build.0 = Debug|Any CPU
		{A44C230D-841A-4A5F-992D-50649BCFDD62}.Release|Any CPU.ActiveCfg = Release|Any CPU
		{A44C230D-841A-4A5F-992D-50649BCFDD62}.Release|Any CPU.Build.0 = Release|Any CPU
		{88A00EF9-9DC7-481F-A5F4-F896F3D989F4}.Debug|Any CPU.ActiveCfg = Debug|Any CPU
		{88A00EF9-9DC7-481F-A5F4-F896F3D989F4}.Debug|Any CPU.Build.0 = Debug|Any CPU
		{88A00EF9-9DC7-481F-A5F4-F896F3D989F4}.Release|Any CPU.ActiveCfg = Release|Any CPU
		{88A00EF9-9DC7-481F-A5F4-F896F3D989F4}.Release|Any CPU.Build.0 = Release|Any CPU
		{D3FE4A7A-7675-4C88-9EED-AF6156F14A8D}.Debug|Any CPU.ActiveCfg = Debug|Any CPU
		{D3FE4A7A-7675-4C88-9EED-AF6156F14A8D}.Debug|Any CPU.Build.0 = Debug|Any CPU
		{D3FE4A7A-7675-4C88-9EED-AF6156F14A8D}.Release|Any CPU.ActiveCfg = Release|Any CPU
		{D3FE4A7A-7675-4C88-9EED-AF6156F14A8D}.Release|Any CPU.Build.0 = Release|Any CPU
	EndGlobalSection
	GlobalSection(SolutionProperties) = preSolution
		HideSolutionNode = FALSE
	EndGlobalSection
	GlobalSection(ExtensibilityGlobals) = postSolution
		SolutionGuid = {12913A6C-505E-4377-8158-0EE6F59D944E}
	EndGlobalSection
EndGlobal
